
Microsoft Visual Studio Solution File, Format Version 12.00
# Visual Studio Version 17
VisualStudioVersion = 17.8.34322.80
MinimumVisualStudioVersion = 10.0.40219.1
Project("{9A19103F-16F7-4668-BE54-9A1E7A4F7556}") = "AbstractFactory.Example1", "AbstractFactory.Example1\AbstractFactory.Example1.csproj", "{119178AE-FB62-44B8-B208-87D42F040494}"
EndProject
Project("{FAE04EC0-301F-11D3-BF4B-00C04F79EFBC}") = "AbstractFactory.Example2", "AbstractFactory.Example2\AbstractFactory.Example2.csproj", "{5BB863DB-7D4C-4E97-B4DC-785B90C0C25F}"
EndProject
Global
	GlobalSection(SolutionConfigurationPlatforms) = preSolution
		Debug|Any CPU = Debug|Any CPU
		Release|Any CPU = Release|Any CPU
	EndGlobalSection
	GlobalSection(ProjectConfigurationPlatforms) = postSolution
		{119178AE-FB62-44B8-B208-87D42F040494}.Debug|Any CPU.ActiveCfg = Debug|Any CPU
		{119178AE-FB62-44B8-B208-87D42F040494}.Debug|Any CPU.Build.0 = Debug|Any CPU
		{119178AE-FB62-44B8-B208-87D42F040494}.Release|Any CPU.ActiveCfg = Release|Any CPU
		{119178AE-FB62-44B8-B208-87D42F040494}.Release|Any CPU.Build.0 = Release|Any CPU
		{5BB863DB-7D4C-4E97-B4DC-785B90C0C25F}.Debug|Any CPU.ActiveCfg = Debug|Any CPU
		{5BB863DB-7D4C-4E97-B4DC-785B90C0C25F}.Debug|Any CPU.Build.0 = Debug|Any CPU
		{5BB863DB-7D4C-4E97-B4DC-785B90C0C25F}.Release|Any CPU.ActiveCfg = Release|Any CPU
		{5BB863DB-7D4C-4E97-B4DC-785B90C0C25F}.Release|Any CPU.Build.0 = Release|Any CPU
	EndGlobalSection
	GlobalSection(SolutionProperties) = preSolution
		HideSolutionNode = FALSE
	EndGlobalSection
	GlobalSection(ExtensibilityGlobals) = postSolution
		SolutionGuid = {34286FFD-525A-4343-823C-5DF74932DC89}
	EndGlobalSection
EndGlobal
