
Microsoft Visual Studio Solution File, Format Version 12.00
# Visual Studio Version 17
VisualStudioVersion = 17.9.34616.47
MinimumVisualStudioVersion = 10.0.40219.1
Project("{FAE04EC0-301F-11D3-BF4B-00C04F79EFBC}") = "Adapterejemplo", "Adapterejemplo\Adapterejemplo.csproj", "{8C36CEFC-6034-4CDF-8F91-7FF69C120641}"
EndProject
Global
	GlobalSection(SolutionConfigurationPlatforms) = preSolution
		Debug|Any CPU = Debug|Any CPU
		Release|Any CPU = Release|Any CPU
	EndGlobalSection
	GlobalSection(ProjectConfigurationPlatforms) = postSolution
		{8C36CEFC-6034-4CDF-8F91-7FF69C120641}.Debug|Any CPU.ActiveCfg = Debug|Any CPU
		{8C36CEFC-6034-4CDF-8F91-7FF69C120641}.Debug|Any CPU.Build.0 = Debug|Any CPU
		{8C36CEFC-6034-4CDF-8F91-7FF69C120641}.Release|Any CPU.ActiveCfg = Release|Any CPU
		{8C36CEFC-6034-4CDF-8F91-7FF69C120641}.Release|Any CPU.Build.0 = Release|Any CPU
	EndGlobalSection
	GlobalSection(SolutionProperties) = preSolution
		HideSolutionNode = FALSE
	EndGlobalSection
	GlobalSection(ExtensibilityGlobals) = postSolution
		SolutionGuid = {BC4C3702-D4D7-46B0-BCA2-01143202D2B9}
	EndGlobalSection
EndGlobal
